
Microsoft Visual Studio Solution File, Format Version 12.00
# Visual Studio Version 16
VisualStudioVersion = 16.0.31105.61
MinimumVisualStudioVersion = 10.0.40219.1
Project("{9A19103F-16F7-4668-BE54-9A1E7A4F7556}") = "Pedidos-back", "Pedidos-back.csproj", "{A66E0C91-774F-4B8F-935B-440D90F78D9B}"
EndProject
Global
	GlobalSection(SolutionConfigurationPlatforms) = preSolution
		Debug|Any CPU = Debug|Any CPU
		Release|Any CPU = Release|Any CPU
	EndGlobalSection
	GlobalSection(ProjectConfigurationPlatforms) = postSolution
		{A66E0C91-774F-4B8F-935B-440D90F78D9B}.Debug|Any CPU.ActiveCfg = Debug|Any CPU
		{A66E0C91-774F-4B8F-935B-440D90F78D9B}.Debug|Any CPU.Build.0 = Debug|Any CPU
		{A66E0C91-774F-4B8F-935B-440D90F78D9B}.Release|Any CPU.ActiveCfg = Release|Any CPU
		{A66E0C91-774F-4B8F-935B-440D90F78D9B}.Release|Any CPU.Build.0 = Release|Any CPU
	EndGlobalSection
	GlobalSection(SolutionProperties) = preSolution
		HideSolutionNode = FALSE
	EndGlobalSection
	GlobalSection(ExtensibilityGlobals) = postSolution
		SolutionGuid = {88AA5E3F-7E56-4A6B-93FE-57CF2DD63F33}
	EndGlobalSection
EndGlobal
